
Microsoft Visual Studio Solution File, Format Version 12.00
# Visual Studio Version 16
VisualStudioVersion = 16.0.29911.84
MinimumVisualStudioVersion = 10.0.40219.1
Project("{9A19103F-16F7-4668-BE54-9A1E7A4F7556}") = "project1", "project1\project1.csproj", "{AE22F6F3-DCF7-4CCF-AFAD-F3693C82F5AF}"
EndProject
Project("{9A19103F-16F7-4668-BE54-9A1E7A4F7556}") = "XUnitTestProject1", "XUnitTestProject1\XUnitTestProject1.csproj", "{2E83210D-D1FE-41F2-A17B-8CCE3A0E6069}"
EndProject
Project("{FAE04EC0-301F-11D3-BF4B-00C04F79EFBC}") = "project1.data", "project1.data\project1.data.csproj", "{39117D02-FBC4-4143-BAB4-A774D62FFBE8}"
EndProject
Global
	GlobalSection(SolutionConfigurationPlatforms) = preSolution
		Debug|Any CPU = Debug|Any CPU
		Release|Any CPU = Release|Any CPU
	EndGlobalSection
	GlobalSection(ProjectConfigurationPlatforms) = postSolution
		{AE22F6F3-DCF7-4CCF-AFAD-F3693C82F5AF}.Debug|Any CPU.ActiveCfg = Debug|Any CPU
		{AE22F6F3-DCF7-4CCF-AFAD-F3693C82F5AF}.Debug|Any CPU.Build.0 = Debug|Any CPU
		{AE22F6F3-DCF7-4CCF-AFAD-F3693C82F5AF}.Release|Any CPU.ActiveCfg = Release|Any CPU
		{AE22F6F3-DCF7-4CCF-AFAD-F3693C82F5AF}.Release|Any CPU.Build.0 = Release|Any CPU
		{2E83210D-D1FE-41F2-A17B-8CCE3A0E6069}.Debug|Any CPU.ActiveCfg = Debug|Any CPU
		{2E83210D-D1FE-41F2-A17B-8CCE3A0E6069}.Debug|Any CPU.Build.0 = Debug|Any CPU
		{2E83210D-D1FE-41F2-A17B-8CCE3A0E6069}.Release|Any CPU.ActiveCfg = Release|Any CPU
		{2E83210D-D1FE-41F2-A17B-8CCE3A0E6069}.Release|Any CPU.Build.0 = Release|Any CPU
		{39117D02-FBC4-4143-BAB4-A774D62FFBE8}.Debug|Any CPU.ActiveCfg = Debug|Any CPU
		{39117D02-FBC4-4143-BAB4-A774D62FFBE8}.Debug|Any CPU.Build.0 = Debug|Any CPU
		{39117D02-FBC4-4143-BAB4-A774D62FFBE8}.Release|Any CPU.ActiveCfg = Release|Any CPU
		{39117D02-FBC4-4143-BAB4-A774D62FFBE8}.Release|Any CPU.Build.0 = Release|Any CPU
	EndGlobalSection
	GlobalSection(SolutionProperties) = preSolution
		HideSolutionNode = FALSE
	EndGlobalSection
	GlobalSection(ExtensibilityGlobals) = postSolution
		SolutionGuid = {13D9106E-73A7-40C9-969B-8EC066292FA1}
	EndGlobalSection
EndGlobal
